
Microsoft Visual Studio Solution File, Format Version 12.00
# Visual Studio Version 17
VisualStudioVersion = 17.7.34024.191
MinimumVisualStudioVersion = 10.0.40219.1
Project("{C9674DCB-5085-4A16-B785-4C70DD1589BD}") = "Ejercicio3 ETL", "Ejercicio3 ETL\Ejercicio3 ETL.dtproj", "{0AB239BE-C9AC-484E-A67C-8520783F801A}"
EndProject
Global
	GlobalSection(SolutionConfigurationPlatforms) = preSolution
		Development|Default = Development|Default
	EndGlobalSection
	GlobalSection(ProjectConfigurationPlatforms) = postSolution
		{0AB239BE-C9AC-484E-A67C-8520783F801A}.Development|Default.ActiveCfg = Development
		{0AB239BE-C9AC-484E-A67C-8520783F801A}.Development|Default.Build.0 = Development
	EndGlobalSection
	GlobalSection(SolutionProperties) = preSolution
		HideSolutionNode = FALSE
	EndGlobalSection
	GlobalSection(ExtensibilityGlobals) = postSolution
		SolutionGuid = {9E6F139D-9264-40AD-AE2D-799176CDCB66}
	EndGlobalSection
EndGlobal
